
Microsoft Visual Studio Solution File, Format Version 12.00
# Visual Studio Version 17
VisualStudioVersion = 17.4.33205.214
MinimumVisualStudioVersion = 10.0.40219.1
Project("{FAE04EC0-301F-11D3-BF4B-00C04F79EFBC}") = "Session-04", "Session-04.csproj", "{AF571037-53CC-41FB-8187-6263D1A517E4}"
EndProject
Global
	GlobalSection(SolutionConfigurationPlatforms) = preSolution
		Debug|Any CPU = Debug|Any CPU
		Release|Any CPU = Release|Any CPU
	EndGlobalSection
	GlobalSection(ProjectConfigurationPlatforms) = postSolution
		{AF571037-53CC-41FB-8187-6263D1A517E4}.Debug|Any CPU.ActiveCfg = Debug|Any CPU
		{AF571037-53CC-41FB-8187-6263D1A517E4}.Debug|Any CPU.Build.0 = Debug|Any CPU
		{AF571037-53CC-41FB-8187-6263D1A517E4}.Release|Any CPU.ActiveCfg = Release|Any CPU
		{AF571037-53CC-41FB-8187-6263D1A517E4}.Release|Any CPU.Build.0 = Release|Any CPU
	EndGlobalSection
	GlobalSection(SolutionProperties) = preSolution
		HideSolutionNode = FALSE
	EndGlobalSection
	GlobalSection(ExtensibilityGlobals) = postSolution
		SolutionGuid = {88F96FCC-E73F-4A3A-891E-B87F0F97625A}
	EndGlobalSection
EndGlobal
